// !$*UTF8*$!
{
	archiveVersion = 1;
	classes = {
	};
	objectVersion = 77;
	objects = {

/* Begin PBXBuildFile section */
		F29E22062DFA55E600A81930 /* Assets.xcassets in Resources */ = {isa = PBXBuildFile; fileRef = F29E22052DFA55E600A81930 /* Assets.xcassets */; };
		F29E22292DFA57EC00A81930 /* dulcineaApp.swift in Sources */ = {isa = PBXBuildFile; fileRef = F29E22282DFA57EC00A81930 /* dulcineaApp.swift */; };
		F29E222C2DFA587200A81930 /* AppCoordinator.swift in Sources */ = {isa = PBXBuildFile; fileRef = F29E222B2DFA587200A81930 /* AppCoordinator.swift */; };
		F29E22322DFA58AD00A81930 /* Book.swift in Sources */ = {isa = PBXBuildFile; fileRef = F29E222F2DFA58AD00A81930 /* Book.swift */; };
		F29E22332DFA58AD00A81930 /* OPDS.swift in Sources */ = {isa = PBXBuildFile; fileRef = F29E22302DFA58AD00A81930 /* OPDS.swift */; };
		F29E22342DFA58AD00A81930 /* Sync.swift in Sources */ = {isa = PBXBuildFile; fileRef = F29E22312DFA58AD00A81930 /* Sync.swift */; };
		F29E22372DFA58BF00A81930 /* StorageService.swift in Sources */ = {isa = PBXBuildFile; fileRef = F29E22362DFA58BF00A81930 /* StorageService.swift */; };
		F29E223D2DFA595000A81930 /* UTType+Extensions.swift in Resources */ = {isa = PBXBuildFile; fileRef = F29E223C2DFA595000A81930 /* UTType+Extensions.swift */; };
		F29E22442DFA5BAE00A81930 /* BrowseViewModel.swift in Sources */ = {isa = PBXBuildFile; fileRef = F29E22402DFA5BAE00A81930 /* BrowseViewModel.swift */; };
		F29E22452DFA5BAE00A81930 /* LibraryViewModel.swift in Sources */ = {isa = PBXBuildFile; fileRef = F29E22412DFA5BAE00A81930 /* LibraryViewModel.swift */; };
		F29E22462DFA5BAE00A81930 /* ReaderViewModel.swift in Sources */ = {isa = PBXBuildFile; fileRef = F29E22422DFA5BAE00A81930 /* ReaderViewModel.swift */; };
		F29E22472DFA5BAE00A81930 /* SettingsViewModel.swift in Sources */ = {isa = PBXBuildFile; fileRef = F29E22432DFA5BAE00A81930 /* SettingsViewModel.swift */; };
		F29E224E2DFA63C400A81930 /* EPUBService.swift in Sources */ = {isa = PBXBuildFile; fileRef = F29E224B2DFA63C400A81930 /* EPUBService.swift */; };
		F29E224F2DFA63C400A81930 /* KOSyncService.swift in Sources */ = {isa = PBXBuildFile; fileRef = F29E224C2DFA63C400A81930 /* KOSyncService.swift */; };
		F29E22502DFA63C400A81930 /* OPDSService.swift in Sources */ = {isa = PBXBuildFile; fileRef = F29E224D2DFA63C400A81930 /* OPDSService.swift */; };
		F29E22582DFA6B9100A81930 /* reader_view.swift in Sources */ = {isa = PBXBuildFile; fileRef = F29E22562DFA6B9100A81930 /* reader_view.swift */; };
		F29E22592DFA6B9100A81930 /* browse_view.swift in Sources */ = {isa = PBXBuildFile; fileRef = F29E22552DFA6B9100A81930 /* browse_view.swift */; };
		F29E225A2DFA6B9100A81930 /* settings_view.swift in Sources */ = {isa = PBXBuildFile; fileRef = F29E22572DFA6B9100A81930 /* settings_view.swift */; };
		F29E225C2DFA6BBA00A81930 /* library_view.swift in Sources */ = {isa = PBXBuildFile; fileRef = F29E225B2DFA6BBA00A81930 /* library_view.swift */; };
		F2A8AF162DFA6FCE0079A934 /* ZIPFoundation in Frameworks */ = {isa = PBXBuildFile; productRef = F2A8AF152DFA6FCE0079A934 /* ZIPFoundation */; };
/* End PBXBuildFile section */

/* Begin PBXContainerItemProxy section */
		F29E220C2DFA55E700A81930 /* PBXContainerItemProxy */ = {
			isa = PBXContainerItemProxy;
			containerPortal = F29E21F62DFA55E500A81930 /* Project object */;
			proxyType = 1;
			remoteGlobalIDString = F29E21FD2DFA55E500A81930;
			remoteInfo = dulcinea;
		};
		F29E22162DFA55E700A81930 /* PBXContainerItemProxy */ = {
			isa = PBXContainerItemProxy;
			containerPortal = F29E21F62DFA55E500A81930 /* Project object */;
			proxyType = 1;
			remoteGlobalIDString = F29E21FD2DFA55E500A81930;
			remoteInfo = dulcinea;
		};
/* End PBXContainerItemProxy section */

/* Begin PBXFileReference section */
		F29E22052DFA55E600A81930 /* Assets.xcassets */ = {isa = PBXFileReference; lastKnownFileType = folder.assetcatalog; path = Assets.xcassets; sourceTree = "<group>"; };
		F29E22282DFA57EC00A81930 /* dulcineaApp.swift */ = {isa = PBXFileReference; lastKnownFileType = sourcecode.swift; path = dulcineaApp.swift; sourceTree = "<group>"; };
		F29E222B2DFA587200A81930 /* AppCoordinator.swift */ = {isa = PBXFileReference; lastKnownFileType = sourcecode.swift; path = AppCoordinator.swift; sourceTree = "<group>"; };
		F29E222F2DFA58AD00A81930 /* Book.swift */ = {isa = PBXFileReference; lastKnownFileType = sourcecode.swift; path = Book.swift; sourceTree = "<group>"; };
		F29E22302DFA58AD00A81930 /* OPDS.swift */ = {isa = PBXFileReference; lastKnownFileType = sourcecode.swift; path = OPDS.swift; sourceTree = "<group>"; };
		F29E22312DFA58AD00A81930 /* Sync.swift */ = {isa = PBXFileReference; lastKnownFileType = sourcecode.swift; path = Sync.swift; sourceTree = "<group>"; };
		F29E22362DFA58BF00A81930 /* StorageService.swift */ = {isa = PBXFileReference; lastKnownFileType = sourcecode.swift; path = StorageService.swift; sourceTree = "<group>"; };
		F29E223C2DFA595000A81930 /* UTType+Extensions.swift */ = {isa = PBXFileReference; lastKnownFileType = sourcecode.swift; path = "UTType+Extensions.swift"; sourceTree = "<group>"; };
		F29E22402DFA5BAE00A81930 /* BrowseViewModel.swift */ = {isa = PBXFileReference; lastKnownFileType = sourcecode.swift; path = BrowseViewModel.swift; sourceTree = "<group>"; };
		F29E22412DFA5BAE00A81930 /* LibraryViewModel.swift */ = {isa = PBXFileReference; lastKnownFileType = sourcecode.swift; path = LibraryViewModel.swift; sourceTree = "<group>"; };
		F29E22422DFA5BAE00A81930 /* ReaderViewModel.swift */ = {isa = PBXFileReference; lastKnownFileType = sourcecode.swift; path = ReaderViewModel.swift; sourceTree = "<group>"; };
		F29E22432DFA5BAE00A81930 /* SettingsViewModel.swift */ = {isa = PBXFileReference; lastKnownFileType = sourcecode.swift; path = SettingsViewModel.swift; sourceTree = "<group>"; };
		F29E224B2DFA63C400A81930 /* EPUBService.swift */ = {isa = PBXFileReference; lastKnownFileType = sourcecode.swift; path = EPUBService.swift; sourceTree = "<group>"; };
		F29E224C2DFA63C400A81930 /* KOSyncService.swift */ = {isa = PBXFileReference; lastKnownFileType = sourcecode.swift; path = KOSyncService.swift; sourceTree = "<group>"; };
		F29E224D2DFA63C400A81930 /* OPDSService.swift */ = {isa = PBXFileReference; lastKnownFileType = sourcecode.swift; path = OPDSService.swift; sourceTree = "<group>"; };
		F29E22552DFA6B9100A81930 /* browse_view.swift */ = {isa = PBXFileReference; lastKnownFileType = sourcecode.swift; path = browse_view.swift; sourceTree = "<group>"; };
		F29E22562DFA6B9100A81930 /* reader_view.swift */ = {isa = PBXFileReference; lastKnownFileType = sourcecode.swift; path = reader_view.swift; sourceTree = "<group>"; };
		F29E22572DFA6B9100A81930 /* settings_view.swift */ = {isa = PBXFileReference; lastKnownFileType = sourcecode.swift; path = settings_view.swift; sourceTree = "<group>"; };
		F29E225B2DFA6BBA00A81930 /* library_view.swift */ = {isa = PBXFileReference; lastKnownFileType = sourcecode.swift; path = library_view.swift; sourceTree = "<group>"; };
		F2A8AF0B2DFA6FB40079A934 /* dulcinea.app */ = {isa = PBXFileReference; explicitFileType = wrapper.application; includeInIndex = 0; path = dulcinea.app; sourceTree = BUILT_PRODUCTS_DIR; };
		F2A8AF0C2DFA6FB40079A934 /* dulcineaTests.xctest */ = {isa = PBXFileReference; explicitFileType = wrapper.cfbundle; includeInIndex = 0; path = dulcineaTests.xctest; sourceTree = BUILT_PRODUCTS_DIR; };
		F2A8AF0D2DFA6FB40079A934 /* dulcineaUITests.xctest */ = {isa = PBXFileReference; explicitFileType = wrapper.cfbundle; includeInIndex = 0; path = dulcineaUITests.xctest; sourceTree = BUILT_PRODUCTS_DIR; };
		F2A8AF172DFA716F0079A934 /* dulcinea-Info.plist */ = {isa = PBXFileReference; lastKnownFileType = text.plist; path = "dulcinea-Info.plist"; sourceTree = "<group>"; };
/* End PBXFileReference section */

/* Begin PBXFileSystemSynchronizedRootGroup section */
		F29E220E2DFA55E700A81930 /* dulcineaTests */ = {
			isa = PBXFileSystemSynchronizedRootGroup;
			path = dulcineaTests;
			sourceTree = "<group>";
		};
		F29E22182DFA55E700A81930 /* dulcineaUITests */ = {
			isa = PBXFileSystemSynchronizedRootGroup;
			path = dulcineaUITests;
			sourceTree = "<group>";
		};
/* End PBXFileSystemSynchronizedRootGroup section */

/* Begin PBXFrameworksBuildPhase section */
		F29E21FB2DFA55E500A81930 /* Frameworks */ = {
			isa = PBXFrameworksBuildPhase;
			buildActionMask = 2147483647;
			files = (
				F2A8AF162DFA6FCE0079A934 /* ZIPFoundation in Frameworks */,
			);
			runOnlyForDeploymentPostprocessing = 0;
		};
		F29E22082DFA55E700A81930 /* Frameworks */ = {
			isa = PBXFrameworksBuildPhase;
			buildActionMask = 2147483647;
			files = (
			);
			runOnlyForDeploymentPostprocessing = 0;
		};
		F29E22122DFA55E700A81930 /* Frameworks */ = {
			isa = PBXFrameworksBuildPhase;
			buildActionMask = 2147483647;
			files = (
			);
			runOnlyForDeploymentPostprocessing = 0;
		};
/* End PBXFrameworksBuildPhase section */

/* Begin PBXGroup section */
		F29E21F52DFA55E500A81930 = {
			isa = PBXGroup;
			children = (
				F2A8AF172DFA716F0079A934 /* dulcinea-Info.plist */,
				F29E22622DFA6DD100A81930 /* Coordinators */,
				F29E22612DFA6DC400A81930 /* ViewModels */,
				F29E225E2DFA6C1500A81930 /* Services */,
				F29E225D2DFA6BFF00A81930 /* Models */,
				F29E22542DFA6B5E00A81930 /* Views */,
				F29E220E2DFA55E700A81930 /* dulcineaTests */,
				F29E22182DFA55E700A81930 /* dulcineaUITests */,
				F29E22282DFA57EC00A81930 /* dulcineaApp.swift */,
				F29E22052DFA55E600A81930 /* Assets.xcassets */,
				F29E223C2DFA595000A81930 /* UTType+Extensions.swift */,
				F2A8AF0B2DFA6FB40079A934 /* dulcinea.app */,
				F2A8AF0C2DFA6FB40079A934 /* dulcineaTests.xctest */,
				F2A8AF0D2DFA6FB40079A934 /* dulcineaUITests.xctest */,
			);
			sourceTree = "<group>";
		};
		F29E22542DFA6B5E00A81930 /* Views */ = {
			isa = PBXGroup;
			children = (
				F29E22662DFA6E3C00A81930 /* Settings */,
				F29E22652DFA6E3600A81930 /* Browse */,
				F29E22642DFA6E3000A81930 /* Reader */,
				F29E22632DFA6E0F00A81930 /* Library */,
			);
			path = Views;
			sourceTree = "<group>";
		};
		F29E225D2DFA6BFF00A81930 /* Models */ = {
			isa = PBXGroup;
			children = (
				F29E222F2DFA58AD00A81930 /* Book.swift */,
				F29E22302DFA58AD00A81930 /* OPDS.swift */,
				F29E22312DFA58AD00A81930 /* Sync.swift */,
			);
			path = Models;
			sourceTree = "<group>";
		};
		F29E225E2DFA6C1500A81930 /* Services */ = {
			isa = PBXGroup;
			children = (
				F29E224B2DFA63C400A81930 /* EPUBService.swift */,
				F29E224C2DFA63C400A81930 /* KOSyncService.swift */,
				F29E224D2DFA63C400A81930 /* OPDSService.swift */,
				F29E22362DFA58BF00A81930 /* StorageService.swift */,
			);
			path = Services;
			sourceTree = "<group>";
		};
		F29E22612DFA6DC400A81930 /* ViewModels */ = {
			isa = PBXGroup;
			children = (
				F29E22402DFA5BAE00A81930 /* BrowseViewModel.swift */,
				F29E22412DFA5BAE00A81930 /* LibraryViewModel.swift */,
				F29E22422DFA5BAE00A81930 /* ReaderViewModel.swift */,
				F29E22432DFA5BAE00A81930 /* SettingsViewModel.swift */,
			);
			path = ViewModels;
			sourceTree = "<group>";
		};
		F29E22622DFA6DD100A81930 /* Coordinators */ = {
			isa = PBXGroup;
			children = (
				F29E222B2DFA587200A81930 /* AppCoordinator.swift */,
			);
			path = Coordinators;
			sourceTree = "<group>";
		};
		F29E22632DFA6E0F00A81930 /* Library */ = {
			isa = PBXGroup;
			children = (
				F29E225B2DFA6BBA00A81930 /* library_view.swift */,
			);
			path = Library;
			sourceTree = "<group>";
		};
		F29E22642DFA6E3000A81930 /* Reader */ = {
			isa = PBXGroup;
			children = (
				F29E22562DFA6B9100A81930 /* reader_view.swift */,
			);
			path = Reader;
			sourceTree = "<group>";
		};
		F29E22652DFA6E3600A81930 /* Browse */ = {
			isa = PBXGroup;
			children = (
				F29E22552DFA6B9100A81930 /* browse_view.swift */,
			);
			path = Browse;
			sourceTree = "<group>";
		};
		F29E22662DFA6E3C00A81930 /* Settings */ = {
			isa = PBXGroup;
			children = (
				F29E22572DFA6B9100A81930 /* settings_view.swift */,
			);
			path = Settings;
			sourceTree = "<group>";
		};
/* End PBXGroup section */

/* Begin PBXNativeTarget section */
		F29E21FD2DFA55E500A81930 /* dulcinea */ = {
			isa = PBXNativeTarget;
			buildConfigurationList = F29E221F2DFA55E700A81930 /* Build configuration list for PBXNativeTarget "dulcinea" */;
			buildPhases = (
				F29E21FA2DFA55E500A81930 /* Sources */,
				F29E21FB2DFA55E500A81930 /* Frameworks */,
				F29E21FC2DFA55E500A81930 /* Resources */,
			);
			buildRules = (
			);
			dependencies = (
			);
			name = dulcinea;
			packageProductDependencies = (
				F2A8AF152DFA6FCE0079A934 /* ZIPFoundation */,
			);
			productName = dulcinea;
			productReference = F2A8AF0B2DFA6FB40079A934 /* dulcinea.app */;
			productType = "com.apple.product-type.application";
		};
		F29E220A2DFA55E700A81930 /* dulcineaTests */ = {
			isa = PBXNativeTarget;
			buildConfigurationList = F29E22222DFA55E700A81930 /* Build configuration list for PBXNativeTarget "dulcineaTests" */;
			buildPhases = (
				F29E22072DFA55E700A81930 /* Sources */,
				F29E22082DFA55E700A81930 /* Frameworks */,
				F29E22092DFA55E700A81930 /* Resources */,
			);
			buildRules = (
			);
			dependencies = (
				F29E220D2DFA55E700A81930 /* PBXTargetDependency */,
			);
			fileSystemSynchronizedGroups = (
				F29E220E2DFA55E700A81930 /* dulcineaTests */,
			);
			name = dulcineaTests;
			packageProductDependencies = (
			);
			productName = dulcineaTests;
			productReference = F2A8AF0C2DFA6FB40079A934 /* dulcineaTests.xctest */;
			productType = "com.apple.product-type.bundle.unit-test";
		};
		F29E22142DFA55E700A81930 /* dulcineaUITests */ = {
			isa = PBXNativeTarget;
			buildConfigurationList = F29E22252DFA55E700A81930 /* Build configuration list for PBXNativeTarget "dulcineaUITests" */;
			buildPhases = (
				F29E22112DFA55E700A81930 /* Sources */,
				F29E22122DFA55E700A81930 /* Frameworks */,
				F29E22132DFA55E700A81930 /* Resources */,
			);
			buildRules = (
			);
			dependencies = (
				F29E22172DFA55E700A81930 /* PBXTargetDependency */,
			);
			fileSystemSynchronizedGroups = (
				F29E22182DFA55E700A81930 /* dulcineaUITests */,
			);
			name = dulcineaUITests;
			packageProductDependencies = (
			);
			productName = dulcineaUITests;
			productReference = F2A8AF0D2DFA6FB40079A934 /* dulcineaUITests.xctest */;
			productType = "com.apple.product-type.bundle.ui-testing";
		};
/* End PBXNativeTarget section */

/* Begin PBXProject section */
		F29E21F62DFA55E500A81930 /* Project object */ = {
			isa = PBXProject;
			attributes = {
				BuildIndependentTargetsInParallel = 1;
				LastSwiftUpdateCheck = 1640;
				LastUpgradeCheck = 1640;
				TargetAttributes = {
					F29E21FD2DFA55E500A81930 = {
						CreatedOnToolsVersion = 16.4;
					};
					F29E220A2DFA55E700A81930 = {
						CreatedOnToolsVersion = 16.4;
						TestTargetID = F29E21FD2DFA55E500A81930;
					};
					F29E22142DFA55E700A81930 = {
						CreatedOnToolsVersion = 16.4;
						TestTargetID = F29E21FD2DFA55E500A81930;
					};
				};
			};
			buildConfigurationList = F29E21F92DFA55E500A81930 /* Build configuration list for PBXProject "dulcinea" */;
			developmentRegion = en;
			hasScannedForEncodings = 0;
			knownRegions = (
				en,
				Base,
			);
			mainGroup = F29E21F52DFA55E500A81930;
			minimizedProjectReferenceProxies = 1;
			packageReferences = (
				F2A8AF142DFA6FCE0079A934 /* XCRemoteSwiftPackageReference "ZipFoundation" */,
			);
			preferredProjectObjectVersion = 77;
			productRefGroup = F29E21F52DFA55E500A81930;
			projectDirPath = "";
			projectRoot = "";
			targets = (
				F29E21FD2DFA55E500A81930 /* dulcinea */,
				F29E220A2DFA55E700A81930 /* dulcineaTests */,
				F29E22142DFA55E700A81930 /* dulcineaUITests */,
			);
		};
/* End PBXProject section */

/* Begin PBXResourcesBuildPhase section */
		F29E21FC2DFA55E500A81930 /* Resources */ = {
			isa = PBXResourcesBuildPhase;
			buildActionMask = 2147483647;
			files = (
				F29E223D2DFA595000A81930 /* UTType+Extensions.swift in Resources */,
				F29E22062DFA55E600A81930 /* Assets.xcassets in Resources */,
			);
			runOnlyForDeploymentPostprocessing = 0;
		};
		F29E22092DFA55E700A81930 /* Resources */ = {
			isa = PBXResourcesBuildPhase;
			buildActionMask = 2147483647;
			files = (
			);
			runOnlyForDeploymentPostprocessing = 0;
		};
		F29E22132DFA55E700A81930 /* Resources */ = {
			isa = PBXResourcesBuildPhase;
			buildActionMask = 2147483647;
			files = (
			);
			runOnlyForDeploymentPostprocessing = 0;
		};
/* End PBXResourcesBuildPhase section */

/* Begin PBXSourcesBuildPhase section */
		F29E21FA2DFA55E500A81930 /* Sources */ = {
			isa = PBXSourcesBuildPhase;
			buildActionMask = 2147483647;
			files = (
				F29E222C2DFA587200A81930 /* AppCoordinator.swift in Sources */,
				F29E224E2DFA63C400A81930 /* EPUBService.swift in Sources */,
				F29E224F2DFA63C400A81930 /* KOSyncService.swift in Sources */,
				F29E22502DFA63C400A81930 /* OPDSService.swift in Sources */,
				F29E22322DFA58AD00A81930 /* Book.swift in Sources */,
				F29E22332DFA58AD00A81930 /* OPDS.swift in Sources */,
				F29E22342DFA58AD00A81930 /* Sync.swift in Sources */,
				F29E22292DFA57EC00A81930 /* dulcineaApp.swift in Sources */,
				F29E22442DFA5BAE00A81930 /* BrowseViewModel.swift in Sources */,
				F29E22452DFA5BAE00A81930 /* LibraryViewModel.swift in Sources */,
				F29E22462DFA5BAE00A81930 /* ReaderViewModel.swift in Sources */,
				F29E22472DFA5BAE00A81930 /* SettingsViewModel.swift in Sources */,
				F29E22582DFA6B9100A81930 /* reader_view.swift in Sources */,
				F29E22592DFA6B9100A81930 /* browse_view.swift in Sources */,
				F29E225C2DFA6BBA00A81930 /* library_view.swift in Sources */,
				F29E225A2DFA6B9100A81930 /* settings_view.swift in Sources */,
				F29E22372DFA58BF00A81930 /* StorageService.swift in Sources */,
			);
			runOnlyForDeploymentPostprocessing = 0;
		};
		F29E22072DFA55E700A81930 /* Sources */ = {
			isa = PBXSourcesBuildPhase;
			buildActionMask = 2147483647;
			files = (
			);
			runOnlyForDeploymentPostprocessing = 0;
		};
		F29E22112DFA55E700A81930 /* Sources */ = {
			isa = PBXSourcesBuildPhase;
			buildActionMask = 2147483647;
			files = (
			);
			runOnlyForDeploymentPostprocessing = 0;
		};
/* End PBXSourcesBuildPhase section */

/* Begin PBXTargetDependency section */
		F29E220D2DFA55E700A81930 /* PBXTargetDependency */ = {
			isa = PBXTargetDependency;
			target = F29E21FD2DFA55E500A81930 /* dulcinea */;
			targetProxy = F29E220C2DFA55E700A81930 /* PBXContainerItemProxy */;
		};
		F29E22172DFA55E700A81930 /* PBXTargetDependency */ = {
			isa = PBXTargetDependency;
			target = F29E21FD2DFA55E500A81930 /* dulcinea */;
			targetProxy = F29E22162DFA55E700A81930 /* PBXContainerItemProxy */;
		};
/* End PBXTargetDependency section */

/* Begin XCBuildConfiguration section */
		F29E221D2DFA55E700A81930 /* Debug */ = {
			isa = XCBuildConfiguration;
			buildSettings = {
				ALWAYS_SEARCH_USER_PATHS = NO;
				ASSETCATALOG_COMPILER_GENERATE_SWIFT_ASSET_SYMBOL_EXTENSIONS = YES;
				CLANG_ANALYZER_NONNULL = YES;
				CLANG_ANALYZER_NUMBER_OBJECT_CONVERSION = YES_AGGRESSIVE;
				CLANG_CXX_LANGUAGE_STANDARD = "gnu++20";
				CLANG_ENABLE_MODULES = YES;
				CLANG_ENABLE_OBJC_ARC = YES;
				CLANG_ENABLE_OBJC_WEAK = YES;
				CLANG_WARN_BLOCK_CAPTURE_AUTORELEASING = YES;
				CLANG_WARN_BOOL_CONVERSION = YES;
				CLANG_WARN_COMMA = YES;
				CLANG_WARN_CONSTANT_CONVERSION = YES;
				CLANG_WARN_DEPRECATED_OBJC_IMPLEMENTATIONS = YES;
				CLANG_WARN_DIRECT_OBJC_ISA_USAGE = YES_ERROR;
				CLANG_WARN_DOCUMENTATION_COMMENTS = YES;
				CLANG_WARN_EMPTY_BODY = YES;
				CLANG_WARN_ENUM_CONVERSION = YES;
				CLANG_WARN_INFINITE_RECURSION = YES;
				CLANG_WARN_INT_CONVERSION = YES;
				CLANG_WARN_NON_LITERAL_NULL_CONVERSION = YES;
				CLANG_WARN_OBJC_IMPLICIT_RETAIN_SELF = YES;
				CLANG_WARN_OBJC_LITERAL_CONVERSION = YES;
				CLANG_WARN_OBJC_ROOT_CLASS = YES_ERROR;
				CLANG_WARN_QUOTED_INCLUDE_IN_FRAMEWORK_HEADER = YES;
				CLANG_WARN_RANGE_LOOP_ANALYSIS = YES;
				CLANG_WARN_STRICT_PROTOTYPES = YES;
				CLANG_WARN_SUSPICIOUS_MOVE = YES;
				CLANG_WARN_UNGUARDED_AVAILABILITY = YES_AGGRESSIVE;
				CLANG_WARN_UNREACHABLE_CODE = YES;
				CLANG_WARN__DUPLICATE_METHOD_MATCH = YES;
				COPY_PHASE_STRIP = NO;
				DEBUG_INFORMATION_FORMAT = dwarf;
				ENABLE_STRICT_OBJC_MSGSEND = YES;
				ENABLE_TESTABILITY = YES;
				ENABLE_USER_SCRIPT_SANDBOXING = YES;
				GCC_C_LANGUAGE_STANDARD = gnu17;
				GCC_DYNAMIC_NO_PIC = NO;
				GCC_NO_COMMON_BLOCKS = YES;
				GCC_OPTIMIZATION_LEVEL = 0;
				GCC_PREPROCESSOR_DEFINITIONS = (
					"DEBUG=1",
					"$(inherited)",
				);
				GCC_WARN_64_TO_32_BIT_CONVERSION = YES;
				GCC_WARN_ABOUT_RETURN_TYPE = YES_ERROR;
				GCC_WARN_UNDECLARED_SELECTOR = YES;
				GCC_WARN_UNINITIALIZED_AUTOS = YES_AGGRESSIVE;
				GCC_WARN_UNUSED_FUNCTION = YES;
				GCC_WARN_UNUSED_VARIABLE = YES;
				IPHONEOS_DEPLOYMENT_TARGET = 18.5;
				LOCALIZATION_PREFERS_STRING_CATALOGS = YES;
				MTL_ENABLE_DEBUG_INFO = INCLUDE_SOURCE;
				MTL_FAST_MATH = YES;
				ONLY_ACTIVE_ARCH = YES;
				SDKROOT = iphoneos;
				SWIFT_ACTIVE_COMPILATION_CONDITIONS = "DEBUG $(inherited)";
				SWIFT_OPTIMIZATION_LEVEL = "-Onone";
			};
			name = Debug;
		};
		F29E221E2DFA55E700A81930 /* Release */ = {
			isa = XCBuildConfiguration;
			buildSettings = {
				ALWAYS_SEARCH_USER_PATHS = NO;
				ASSETCATALOG_COMPILER_GENERATE_SWIFT_ASSET_SYMBOL_EXTENSIONS = YES;
				CLANG_ANALYZER_NONNULL = YES;
				CLANG_ANALYZER_NUMBER_OBJECT_CONVERSION = YES_AGGRESSIVE;
				CLANG_CXX_LANGUAGE_STANDARD = "gnu++20";
				CLANG_ENABLE_MODULES = YES;
				CLANG_ENABLE_OBJC_ARC = YES;
				CLANG_ENABLE_OBJC_WEAK = YES;
				CLANG_WARN_BLOCK_CAPTURE_AUTORELEASING = YES;
				CLANG_WARN_BOOL_CONVERSION = YES;
				CLANG_WARN_COMMA = YES;
				CLANG_WARN_CONSTANT_CONVERSION = YES;
				CLANG_WARN_DEPRECATED_OBJC_IMPLEMENTATIONS = YES;
				CLANG_WARN_DIRECT_OBJC_ISA_USAGE = YES_ERROR;
				CLANG_WARN_DOCUMENTATION_COMMENTS = YES;
				CLANG_WARN_EMPTY_BODY = YES;
				CLANG_WARN_ENUM_CONVERSION = YES;
				CLANG_WARN_INFINITE_RECURSION = YES;
				CLANG_WARN_INT_CONVERSION = YES;
				CLANG_WARN_NON_LITERAL_NULL_CONVERSION = YES;
				CLANG_WARN_OBJC_IMPLICIT_RETAIN_SELF = YES;
				CLANG_WARN_OBJC_LITERAL_CONVERSION = YES;
				CLANG_WARN_OBJC_ROOT_CLASS = YES_ERROR;
				CLANG_WARN_QUOTED_INCLUDE_IN_FRAMEWORK_HEADER = YES;
				CLANG_WARN_RANGE_LOOP_ANALYSIS = YES;
				CLANG_WARN_STRICT_PROTOTYPES = YES;
				CLANG_WARN_SUSPICIOUS_MOVE = YES;
				CLANG_WARN_UNGUARDED_AVAILABILITY = YES_AGGRESSIVE;
				CLANG_WARN_UNREACHABLE_CODE = YES;
				CLANG_WARN__DUPLICATE_METHOD_MATCH = YES;
				COPY_PHASE_STRIP = NO;
				DEBUG_INFORMATION_FORMAT = "dwarf-with-dsym";
				ENABLE_NS_ASSERTIONS = NO;
				ENABLE_STRICT_OBJC_MSGSEND = YES;
				ENABLE_USER_SCRIPT_SANDBOXING = YES;
				GCC_C_LANGUAGE_STANDARD = gnu17;
				GCC_NO_COMMON_BLOCKS = YES;
				GCC_WARN_64_TO_32_BIT_CONVERSION = YES;
				GCC_WARN_ABOUT_RETURN_TYPE = YES_ERROR;
				GCC_WARN_UNDECLARED_SELECTOR = YES;
				GCC_WARN_UNINITIALIZED_AUTOS = YES_AGGRESSIVE;
				GCC_WARN_UNUSED_FUNCTION = YES;
				GCC_WARN_UNUSED_VARIABLE = YES;
				IPHONEOS_DEPLOYMENT_TARGET = 18.5;
				LOCALIZATION_PREFERS_STRING_CATALOGS = YES;
				MTL_ENABLE_DEBUG_INFO = NO;
				MTL_FAST_MATH = YES;
				SDKROOT = iphoneos;
				SWIFT_COMPILATION_MODE = wholemodule;
				VALIDATE_PRODUCT = YES;
			};
			name = Release;
		};
		F29E22202DFA55E700A81930 /* Debug */ = {
			isa = XCBuildConfiguration;
			buildSettings = {
				ASSETCATALOG_COMPILER_APPICON_NAME = AppIcon;
				ASSETCATALOG_COMPILER_GLOBAL_ACCENT_COLOR_NAME = AccentColor;
				CODE_SIGN_STYLE = Automatic;
				CURRENT_PROJECT_VERSION = 1;
				ENABLE_PREVIEWS = YES;
				GENERATE_INFOPLIST_FILE = YES;
				INFOPLIST_FILE = "dulcinea-Info.plist";
				INFOPLIST_KEY_UIApplicationSceneManifest_Generation = YES;
				INFOPLIST_KEY_UIApplicationSupportsIndirectInputEvents = YES;
				INFOPLIST_KEY_UILaunchScreen_Generation = YES;
				INFOPLIST_KEY_UISupportedInterfaceOrientations_iPad = "UIInterfaceOrientationPortrait UIInterfaceOrientationPortraitUpsideDown UIInterfaceOrientationLandscapeLeft UIInterfaceOrientationLandscapeRight";
				INFOPLIST_KEY_UISupportedInterfaceOrientations_iPhone = "UIInterfaceOrientationPortrait UIInterfaceOrientationLandscapeLeft UIInterfaceOrientationLandscapeRight";
				LD_RUNPATH_SEARCH_PATHS = (
					"$(inherited)",
					"@executable_path/Frameworks",
				);
				MARKETING_VERSION = 1.0;
				PRODUCT_BUNDLE_IDENTIFIER = quixote.casa.dulcinea;
				PRODUCT_NAME = "$(TARGET_NAME)";
				SWIFT_EMIT_LOC_STRINGS = YES;
				SWIFT_VERSION = 5.0;
				TARGETED_DEVICE_FAMILY = "1,2";
			};
			name = Debug;
		};
		F29E22212DFA55E700A81930 /* Release */ = {
			isa = XCBuildConfiguration;
			buildSettings = {
				ASSETCATALOG_COMPILER_APPICON_NAME = AppIcon;
				ASSETCATALOG_COMPILER_GLOBAL_ACCENT_COLOR_NAME = AccentColor;
				CODE_SIGN_STYLE = Automatic;
				CURRENT_PROJECT_VERSION = 1;
				ENABLE_PREVIEWS = YES;
				GENERATE_INFOPLIST_FILE = YES;
				INFOPLIST_FILE = "dulcinea-Info.plist";
				INFOPLIST_KEY_UIApplicationSceneManifest_Generation = YES;
				INFOPLIST_KEY_UIApplicationSupportsIndirectInputEvents = YES;
				INFOPLIST_KEY_UILaunchScreen_Generation = YES;
				INFOPLIST_KEY_UISupportedInterfaceOrientations_iPad = "UIInterfaceOrientationPortrait UIInterfaceOrientationPortraitUpsideDown UIInterfaceOrientationLandscapeLeft UIInterfaceOrientationLandscapeRight";
				INFOPLIST_KEY_UISupportedInterfaceOrientations_iPhone = "UIInterfaceOrientationPortrait UIInterfaceOrientationLandscapeLeft UIInterfaceOrientationLandscapeRight";
				LD_RUNPATH_SEARCH_PATHS = (
					"$(inherited)",
					"@executable_path/Frameworks",
				);
				MARKETING_VERSION = 1.0;
				PRODUCT_BUNDLE_IDENTIFIER = quixote.casa.dulcinea;
				PRODUCT_NAME = "$(TARGET_NAME)";
				SWIFT_EMIT_LOC_STRINGS = YES;
				SWIFT_VERSION = 5.0;
				TARGETED_DEVICE_FAMILY = "1,2";
			};
			name = Release;
		};
		F29E22232DFA55E700A81930 /* Debug */ = {
			isa = XCBuildConfiguration;
			buildSettings = {
				BUNDLE_LOADER = "$(TEST_HOST)";
				CODE_SIGN_STYLE = Automatic;
				CURRENT_PROJECT_VERSION = 1;
				GENERATE_INFOPLIST_FILE = YES;
				IPHONEOS_DEPLOYMENT_TARGET = 18.5;
				MARKETING_VERSION = 1.0;
				PRODUCT_BUNDLE_IDENTIFIER = quixote.casa.dulcineaTests;
				PRODUCT_NAME = "$(TARGET_NAME)";
				SWIFT_EMIT_LOC_STRINGS = NO;
				SWIFT_VERSION = 5.0;
				TARGETED_DEVICE_FAMILY = "1,2";
				TEST_HOST = "$(BUILT_PRODUCTS_DIR)/dulcinea.app/$(BUNDLE_EXECUTABLE_FOLDER_PATH)/dulcinea";
			};
			name = Debug;
		};
		F29E22242DFA55E700A81930 /* Release */ = {
			isa = XCBuildConfiguration;
			buildSettings = {
				BUNDLE_LOADER = "$(TEST_HOST)";
				CODE_SIGN_STYLE = Automatic;
				CURRENT_PROJECT_VERSION = 1;
				GENERATE_INFOPLIST_FILE = YES;
				IPHONEOS_DEPLOYMENT_TARGET = 18.5;
				MARKETING_VERSION = 1.0;
				PRODUCT_BUNDLE_IDENTIFIER = quixote.casa.dulcineaTests;
				PRODUCT_NAME = "$(TARGET_NAME)";
				SWIFT_EMIT_LOC_STRINGS = NO;
				SWIFT_VERSION = 5.0;
				TARGETED_DEVICE_FAMILY = "1,2";
				TEST_HOST = "$(BUILT_PRODUCTS_DIR)/dulcinea.app/$(BUNDLE_EXECUTABLE_FOLDER_PATH)/dulcinea";
			};
			name = Release;
		};
		F29E22262DFA55E700A81930 /* Debug */ = {
			isa = XCBuildConfiguration;
			buildSettings = {
				CODE_SIGN_STYLE = Automatic;
				CURRENT_PROJECT_VERSION = 1;
				GENERATE_INFOPLIST_FILE = YES;
				MARKETING_VERSION = 1.0;
				PRODUCT_BUNDLE_IDENTIFIER = quixote.casa.dulcineaUITests;
				PRODUCT_NAME = "$(TARGET_NAME)";
				SWIFT_EMIT_LOC_STRINGS = NO;
				SWIFT_VERSION = 5.0;
				TARGETED_DEVICE_FAMILY = "1,2";
				TEST_TARGET_NAME = dulcinea;
			};
			name = Debug;
		};
		F29E22272DFA55E700A81930 /* Release */ = {
			isa = XCBuildConfiguration;
			buildSettings = {
				CODE_SIGN_STYLE = Automatic;
				CURRENT_PROJECT_VERSION = 1;
				GENERATE_INFOPLIST_FILE = YES;
				MARKETING_VERSION = 1.0;
				PRODUCT_BUNDLE_IDENTIFIER = quixote.casa.dulcineaUITests;
				PRODUCT_NAME = "$(TARGET_NAME)";
				SWIFT_EMIT_LOC_STRINGS = NO;
				SWIFT_VERSION = 5.0;
				TARGETED_DEVICE_FAMILY = "1,2";
				TEST_TARGET_NAME = dulcinea;
			};
			name = Release;
		};
/* End XCBuildConfiguration section */

/* Begin XCConfigurationList section */
		F29E21F92DFA55E500A81930 /* Build configuration list for PBXProject "dulcinea" */ = {
			isa = XCConfigurationList;
			buildConfigurations = (
				F29E221D2DFA55E700A81930 /* Debug */,
				F29E221E2DFA55E700A81930 /* Release */,
			);
			defaultConfigurationIsVisible = 0;
			defaultConfigurationName = Release;
		};
		F29E221F2DFA55E700A81930 /* Build configuration list for PBXNativeTarget "dulcinea" */ = {
			isa = XCConfigurationList;
			buildConfigurations = (
				F29E22202DFA55E700A81930 /* Debug */,
				F29E22212DFA55E700A81930 /* Release */,
			);
			defaultConfigurationIsVisible = 0;
			defaultConfigurationName = Release;
		};
		F29E22222DFA55E700A81930 /* Build configuration list for PBXNativeTarget "dulcineaTests" */ = {
			isa = XCConfigurationList;
			buildConfigurations = (
				F29E22232DFA55E700A81930 /* Debug */,
				F29E22242DFA55E700A81930 /* Release */,
			);
			defaultConfigurationIsVisible = 0;
			defaultConfigurationName = Release;
		};
		F29E22252DFA55E700A81930 /* Build configuration list for PBXNativeTarget "dulcineaUITests" */ = {
			isa = XCConfigurationList;
			buildConfigurations = (
				F29E22262DFA55E700A81930 /* Debug */,
				F29E22272DFA55E700A81930 /* Release */,
			);
			defaultConfigurationIsVisible = 0;
			defaultConfigurationName = Release;
		};
/* End XCConfigurationList section */

/* Begin XCRemoteSwiftPackageReference section */
		F2A8AF142DFA6FCE0079A934 /* XCRemoteSwiftPackageReference "ZipFoundation" */ = {
			isa = XCRemoteSwiftPackageReference;
			repositoryURL = "https://github.com/weichsel/ZipFoundation.git";
			requirement = {
				kind = upToNextMajorVersion;
				minimumVersion = 0.9.19;
			};
		};
/* End XCRemoteSwiftPackageReference section */

/* Begin XCSwiftPackageProductDependency section */
		F2A8AF152DFA6FCE0079A934 /* ZIPFoundation */ = {
			isa = XCSwiftPackageProductDependency;
			package = F2A8AF142DFA6FCE0079A934 /* XCRemoteSwiftPackageReference "ZipFoundation" */;
			productName = ZIPFoundation;
		};
/* End XCSwiftPackageProductDependency section */
	};
	rootObject = F29E21F62DFA55E500A81930 /* Project object */;
}
